<?xml version="1.0" encoding="utf-8"?>
<Project ToolsVersion="4.0" xmlns="http://schemas.microsoft.com/developer/msbuild/2003">
  <ItemGroup>
    <Filter Include="소스 파일">
      <UniqueIdentifier>{4FC737F1-C7A5-4376-A066-2A32D752A2FF}</UniqueIdentifier>
      <Extensions>cpp;c;cc;cxx;def;odl;idl;hpj;bat;asm;asmx</Extensions>
    </Filter>
    <Filter Include="헤더 파일">
      <UniqueIdentifier>{93995380-89BD-4b04-88EB-625FBE52EBFB}</UniqueIdentifier>
      <Extensions>h;hh;hpp;hxx;hm;inl;inc;ipp;xsd</Extensions>
    </Filter>
    <Filter Include="리소스 파일">
      <UniqueIdentifier>{67DA6AB6-F800-4c08-8B7A-83BB121AAD01}</UniqueIdentifier>
      <Extensions>rc;ico;cur;bmp;dlg;rc2;rct;bin;rgs;gif;jpg;jpeg;jpe;resx;tiff;tif;png;wav;mfcribbon-ms</Extensions>
    </Filter>
    <Filter Include="2.Scene">
      <UniqueIdentifier>{1f42bbc3-5a18-4879-afd8-4c8c287606f0}</UniqueIdentifier>
    </Filter>
    <Filter Include="1.Core">
      <UniqueIdentifier>{2a88eea7-5f20-43f7-92f3-a547fc591a86}</UniqueIdentifier>
    </Filter>
    <Filter Include="1.Core\1.Timer">
      <UniqueIdentifier>{3f497e0a-cbf0-4af3-9e00-c95a3f5a3687}</UniqueIdentifier>
    </Filter>
    <Filter Include="2.Scene\1.Layer">
      <UniqueIdentifier>{4abd0c0c-31cb-4e69-a69e-2f697c9be905}</UniqueIdentifier>
    </Filter>
    <Filter Include="3.Object">
      <UniqueIdentifier>{fa10e261-7c4a-4516-a0ff-804104694973}</UniqueIdentifier>
    </Filter>
    <Filter Include="3.Object\1.MoveObj">
      <UniqueIdentifier>{16583e0f-001f-4db4-af66-3631522bf107}</UniqueIdentifier>
    </Filter>
    <Filter Include="3.Object\2.StaticObj">
      <UniqueIdentifier>{faa3f391-0893-4175-9aa9-4d86f2932a21}</UniqueIdentifier>
    </Filter>
    <Filter Include="3.Object\1.MoveObj\1.Player">
      <UniqueIdentifier>{3af88ea7-55a3-4536-bd16-b30442b307c2}</UniqueIdentifier>
    </Filter>
    <Filter Include="3.Object\1.MoveObj\2.Monster">
      <UniqueIdentifier>{152f9470-c871-4a18-af0e-f48ef01e745e}</UniqueIdentifier>
    </Filter>
    <Filter Include="3.Object\1.MoveObj\3.Bullet">
      <UniqueIdentifier>{d2763aa7-4913-405e-9c1b-dedc117aa276}</UniqueIdentifier>
    </Filter>
    <Filter Include="1.Core\2.Path">
      <UniqueIdentifier>{844340e2-3bca-47b3-859e-bffdd7389814}</UniqueIdentifier>
    </Filter>
  </ItemGroup>
  <ItemGroup>
    <ClCompile Include="include\Main.cpp">
      <Filter>소스 파일</Filter>
    </ClCompile>
    <ClCompile Include="include\Core.cpp">
      <Filter>1.Core</Filter>
    </ClCompile>
    <ClCompile Include="include\Scene\SceneManager.cpp">
      <Filter>2.Scene</Filter>
    </ClCompile>
    <ClCompile Include="include\Scene\Scene.cpp">
      <Filter>2.Scene</Filter>
    </ClCompile>
    <ClCompile Include="include\Scene\InGameScene.cpp">
      <Filter>2.Scene</Filter>
    </ClCompile>
    <ClCompile Include="include\Core\Timer.cpp">
      <Filter>1.Core\1.Timer</Filter>
    </ClCompile>
    <ClCompile Include="include\Scene\Layer.cpp">
      <Filter>2.Scene\1.Layer</Filter>
    </ClCompile>
    <ClCompile Include="include\Object\Obj.cpp">
      <Filter>3.Object</Filter>
    </ClCompile>
    <ClCompile Include="include\Ref.cpp">
      <Filter>1.Core</Filter>
    </ClCompile>
    <ClCompile Include="include\Object\MoveObj.cpp">
      <Filter>3.Object\1.MoveObj</Filter>
    </ClCompile>
    <ClCompile Include="include\Object\StaticObj.cpp">
      <Filter>3.Object\2.StaticObj</Filter>
    </ClCompile>
    <ClCompile Include="include\Object\Player.cpp">
      <Filter>3.Object\1.MoveObj\1.Player</Filter>
    </ClCompile>
    <ClCompile Include="include\Object\Minion.cpp">
      <Filter>3.Object\1.MoveObj\2.Monster</Filter>
    </ClCompile>
    <ClCompile Include="include\Object\Bullet.cpp">
      <Filter>3.Object\1.MoveObj\3.Bullet</Filter>
    </ClCompile>
    <ClCompile Include="include\Core\PathManager.cpp">
      <Filter>1.Core\2.Path</Filter>
    </ClCompile>
  </ItemGroup>
  <ItemGroup>
    <ClInclude Include="include\Game.h">
      <Filter>헤더 파일</Filter>
    </ClInclude>
    <ClInclude Include="include\Macro.h">
      <Filter>헤더 파일</Filter>
    </ClInclude>
    <ClInclude Include="include\resource.h">
      <Filter>헤더 파일</Filter>
    </ClInclude>
    <ClInclude Include="include\Types.h">
      <Filter>헤더 파일</Filter>
    </ClInclude>
    <ClInclude Include="include\Core.h">
      <Filter>1.Core</Filter>
    </ClInclude>
    <ClInclude Include="include\Scene\SceneManager.h">
      <Filter>2.Scene</Filter>
    </ClInclude>
    <ClInclude Include="include\Scene\Scene.h">
      <Filter>2.Scene</Filter>
    </ClInclude>
    <ClInclude Include="include\Scene\InGameScene.h">
      <Filter>2.Scene</Filter>
    </ClInclude>
    <ClInclude Include="include\Flag.h">
      <Filter>헤더 파일</Filter>
    </ClInclude>
    <ClInclude Include="include\Core\Timer.h">
      <Filter>1.Core\1.Timer</Filter>
    </ClInclude>
    <ClInclude Include="include\Scene\Layer.h">
      <Filter>2.Scene\1.Layer</Filter>
    </ClInclude>
    <ClInclude Include="include\Object\Obj.h">
      <Filter>3.Object</Filter>
    </ClInclude>
    <ClInclude Include="include\Ref.h">
      <Filter>1.Core</Filter>
    </ClInclude>
    <ClInclude Include="include\Object\MoveObj.h">
      <Filter>3.Object\1.MoveObj</Filter>
    </ClInclude>
    <ClInclude Include="include\Object\StaticObj.h">
      <Filter>3.Object\2.StaticObj</Filter>
    </ClInclude>
    <ClInclude Include="include\Object\Player.h">
      <Filter>3.Object\1.MoveObj\1.Player</Filter>
    </ClInclude>
    <ClInclude Include="include\Object\Minion.h">
      <Filter>3.Object\1.MoveObj\2.Monster</Filter>
    </ClInclude>
    <ClInclude Include="include\Object\Bullet.h">
      <Filter>3.Object\1.MoveObj\3.Bullet</Filter>
    </ClInclude>
    <ClInclude Include="include\Core\PathManager.h">
      <Filter>1.Core\2.Path</Filter>
    </ClInclude>
  </ItemGroup>
  <ItemGroup>
    <ResourceCompile Include="include\Framework.rc">
      <Filter>리소스 파일</Filter>
    </ResourceCompile>
  </ItemGroup>
  <ItemGroup>
    <Image Include="include\icon1.ico">
      <Filter>리소스 파일</Filter>
    </Image>
  </ItemGroup>
</Project>